
Microsoft Visual Studio Solution File, Format Version 12.00
# Visual Studio Version 17
VisualStudioVersion = 17.0.31717.71
MinimumVisualStudioVersion = 10.0.40219.1
Project("{9A19103F-16F7-4668-BE54-9A1E7A4F7556}") = "RecipeApp", "RecipeApp\RecipeApp.csproj", "{89A2D877-DD3B-4D17-90AA-A70A420DA619}"
EndProject
Project("{9A19103F-16F7-4668-BE54-9A1E7A4F7556}") = "Persistence", "Persistence\Persistence.csproj", "{23BE39C5-2BEE-4A3B-A4A2-4241DBAB0B88}"
EndProject
Project("{9A19103F-16F7-4668-BE54-9A1E7A4F7556}") = "Contracts", "Contracts\Contracts.csproj", "{9A6730E3-EC6F-4824-9EE9-3AB540FFE24B}"
EndProject
Project("{9A19103F-16F7-4668-BE54-9A1E7A4F7556}") = "Domain", "Domain\Domain.csproj", "{AB5EEC04-BF00-4612-8D70-4A84E22D8940}"
EndProject
Project("{FAE04EC0-301F-11D3-BF4B-00C04F79EFBC}") = "Domain.UnitTests", "Domain.UnitTests\Domain.UnitTests.csproj", "{72621B1B-850D-48F4-8481-257D5CD32F76}"
EndProject
Global
	GlobalSection(SolutionConfigurationPlatforms) = preSolution
		Debug|Any CPU = Debug|Any CPU
		Release|Any CPU = Release|Any CPU
	EndGlobalSection
	GlobalSection(ProjectConfigurationPlatforms) = postSolution
		{89A2D877-DD3B-4D17-90AA-A70A420DA619}.Debug|Any CPU.ActiveCfg = Debug|Any CPU
		{89A2D877-DD3B-4D17-90AA-A70A420DA619}.Debug|Any CPU.Build.0 = Debug|Any CPU
		{89A2D877-DD3B-4D17-90AA-A70A420DA619}.Release|Any CPU.ActiveCfg = Release|Any CPU
		{89A2D877-DD3B-4D17-90AA-A70A420DA619}.Release|Any CPU.Build.0 = Release|Any CPU
		{23BE39C5-2BEE-4A3B-A4A2-4241DBAB0B88}.Debug|Any CPU.ActiveCfg = Debug|Any CPU
		{23BE39C5-2BEE-4A3B-A4A2-4241DBAB0B88}.Debug|Any CPU.Build.0 = Debug|Any CPU
		{23BE39C5-2BEE-4A3B-A4A2-4241DBAB0B88}.Release|Any CPU.ActiveCfg = Release|Any CPU
		{23BE39C5-2BEE-4A3B-A4A2-4241DBAB0B88}.Release|Any CPU.Build.0 = Release|Any CPU
		{9A6730E3-EC6F-4824-9EE9-3AB540FFE24B}.Debug|Any CPU.ActiveCfg = Debug|Any CPU
		{9A6730E3-EC6F-4824-9EE9-3AB540FFE24B}.Debug|Any CPU.Build.0 = Debug|Any CPU
		{9A6730E3-EC6F-4824-9EE9-3AB540FFE24B}.Release|Any CPU.ActiveCfg = Release|Any CPU
		{9A6730E3-EC6F-4824-9EE9-3AB540FFE24B}.Release|Any CPU.Build.0 = Release|Any CPU
		{AB5EEC04-BF00-4612-8D70-4A84E22D8940}.Debug|Any CPU.ActiveCfg = Debug|Any CPU
		{AB5EEC04-BF00-4612-8D70-4A84E22D8940}.Debug|Any CPU.Build.0 = Debug|Any CPU
		{AB5EEC04-BF00-4612-8D70-4A84E22D8940}.Release|Any CPU.ActiveCfg = Release|Any CPU
		{AB5EEC04-BF00-4612-8D70-4A84E22D8940}.Release|Any CPU.Build.0 = Release|Any CPU
		{72621B1B-850D-48F4-8481-257D5CD32F76}.Debug|Any CPU.ActiveCfg = Debug|Any CPU
		{72621B1B-850D-48F4-8481-257D5CD32F76}.Debug|Any CPU.Build.0 = Debug|Any CPU
		{72621B1B-850D-48F4-8481-257D5CD32F76}.Release|Any CPU.ActiveCfg = Release|Any CPU
		{72621B1B-850D-48F4-8481-257D5CD32F76}.Release|Any CPU.Build.0 = Release|Any CPU
	EndGlobalSection
	GlobalSection(SolutionProperties) = preSolution
		HideSolutionNode = FALSE
	EndGlobalSection
	GlobalSection(ExtensibilityGlobals) = postSolution
		SolutionGuid = {78CAE95C-1614-4C0D-B848-A8D4DA14D0B4}
	EndGlobalSection
EndGlobal
